
Microsoft Visual Studio Solution File, Format Version 12.00
# Visual Studio 15
VisualStudioVersion = 15.0.27703.2026
MinimumVisualStudioVersion = 10.0.40219.1
Project("{FAE04EC0-301F-11D3-BF4B-00C04F79EFBC}") = "ConsoleApp1", "ConsoleApp1\ConsoleApp1.csproj", "{B89F55B2-7953-450C-8AD1-063821812DBA}"
EndProject
Global
	GlobalSection(SolutionConfigurationPlatforms) = preSolution
		Debug|Any CPU = Debug|Any CPU
		Release|Any CPU = Release|Any CPU
	EndGlobalSection
	GlobalSection(ProjectConfigurationPlatforms) = postSolution
		{B89F55B2-7953-450C-8AD1-063821812DBA}.Debug|Any CPU.ActiveCfg = Debug|Any CPU
		{B89F55B2-7953-450C-8AD1-063821812DBA}.Debug|Any CPU.Build.0 = Debug|Any CPU
		{B89F55B2-7953-450C-8AD1-063821812DBA}.Release|Any CPU.ActiveCfg = Release|Any CPU
		{B89F55B2-7953-450C-8AD1-063821812DBA}.Release|Any CPU.Build.0 = Release|Any CPU
	EndGlobalSection
	GlobalSection(SolutionProperties) = preSolution
		HideSolutionNode = FALSE
	EndGlobalSection
	GlobalSection(ExtensibilityGlobals) = postSolution
		SolutionGuid = {F623A8D1-9FCE-42F9-AAD6-6D2745676071}
	EndGlobalSection
EndGlobal
